
Microsoft Visual Studio Solution File, Format Version 12.00
# Visual Studio Version 17
VisualStudioVersion = 17.11.35312.102
MinimumVisualStudioVersion = 10.0.40219.1
Project("{FAE04EC0-301F-11D3-BF4B-00C04F79EFBC}") = "ClientAPI", "ClientAPI\ClientAPI.csproj", "{2A911A98-C4AF-40ED-B285-EDC69320B708}"
EndProject
Global
	GlobalSection(SolutionConfigurationPlatforms) = preSolution
		Debug|Any CPU = Debug|Any CPU
		Release|Any CPU = Release|Any CPU
	EndGlobalSection
	GlobalSection(ProjectConfigurationPlatforms) = postSolution
		{2A911A98-C4AF-40ED-B285-EDC69320B708}.Debug|Any CPU.ActiveCfg = Debug|Any CPU
		{2A911A98-C4AF-40ED-B285-EDC69320B708}.Debug|Any CPU.Build.0 = Debug|Any CPU
		{2A911A98-C4AF-40ED-B285-EDC69320B708}.Release|Any CPU.ActiveCfg = Release|Any CPU
		{2A911A98-C4AF-40ED-B285-EDC69320B708}.Release|Any CPU.Build.0 = Release|Any CPU
	EndGlobalSection
	GlobalSection(SolutionProperties) = preSolution
		HideSolutionNode = FALSE
	EndGlobalSection
	GlobalSection(ExtensibilityGlobals) = postSolution
		SolutionGuid = {F9EBA2A1-F419-4F00-BAA0-EC9AB9705D3F}
	EndGlobalSection
EndGlobal
